
Microsoft Visual Studio Solution File, Format Version 12.00
# Visual Studio Version 17
VisualStudioVersion = 17.12.35707.178
MinimumVisualStudioVersion = 10.0.40219.1
Project("{FAE04EC0-301F-11D3-BF4B-00C04F79EFBC}") = "Grievance Management System", "Grievance Management System.csproj", "{EEE0473B-2E62-4868-AB91-C99812EC9FBC}"
EndProject
Project("{FAE04EC0-301F-11D3-BF4B-00C04F79EFBC}") = "Grievance Management System UI", "..\Grievance Management System UI\Grievance Management System UI.csproj", "{89049109-2332-45B7-A6CC-BD505EC4ADA3}"
EndProject
Global
	GlobalSection(SolutionConfigurationPlatforms) = preSolution
		Debug|Any CPU = Debug|Any CPU
		Release|Any CPU = Release|Any CPU
	EndGlobalSection
	GlobalSection(ProjectConfigurationPlatforms) = postSolution
		{EEE0473B-2E62-4868-AB91-C99812EC9FBC}.Debug|Any CPU.ActiveCfg = Debug|Any CPU
		{EEE0473B-2E62-4868-AB91-C99812EC9FBC}.Debug|Any CPU.Build.0 = Debug|Any CPU
		{EEE0473B-2E62-4868-AB91-C99812EC9FBC}.Release|Any CPU.ActiveCfg = Release|Any CPU
		{EEE0473B-2E62-4868-AB91-C99812EC9FBC}.Release|Any CPU.Build.0 = Release|Any CPU
		{89049109-2332-45B7-A6CC-BD505EC4ADA3}.Debug|Any CPU.ActiveCfg = Debug|Any CPU
		{89049109-2332-45B7-A6CC-BD505EC4ADA3}.Debug|Any CPU.Build.0 = Debug|Any CPU
		{89049109-2332-45B7-A6CC-BD505EC4ADA3}.Release|Any CPU.ActiveCfg = Release|Any CPU
		{89049109-2332-45B7-A6CC-BD505EC4ADA3}.Release|Any CPU.Build.0 = Release|Any CPU
	EndGlobalSection
	GlobalSection(SolutionProperties) = preSolution
		HideSolutionNode = FALSE
	EndGlobalSection
EndGlobal
